
Microsoft Visual Studio Solution File, Format Version 12.00
# Visual Studio Version 17
VisualStudioVersion = 17.11.35219.272
MinimumVisualStudioVersion = 10.0.40219.1
Project("{FAE04EC0-301F-11D3-BF4B-00C04F79EFBC}") = "Talabat.APIs", "Talabat.APIs\Talabat.APIs.csproj", "{B2AED0C7-18DD-4C9A-82C5-9347A84C2CDF}"
EndProject
Global
	GlobalSection(SolutionConfigurationPlatforms) = preSolution
		Debug|Any CPU = Debug|Any CPU
		Release|Any CPU = Release|Any CPU
	EndGlobalSection
	GlobalSection(ProjectConfigurationPlatforms) = postSolution
		{B2AED0C7-18DD-4C9A-82C5-9347A84C2CDF}.Debug|Any CPU.ActiveCfg = Debug|Any CPU
		{B2AED0C7-18DD-4C9A-82C5-9347A84C2CDF}.Debug|Any CPU.Build.0 = Debug|Any CPU
		{B2AED0C7-18DD-4C9A-82C5-9347A84C2CDF}.Release|Any CPU.ActiveCfg = Release|Any CPU
		{B2AED0C7-18DD-4C9A-82C5-9347A84C2CDF}.Release|Any CPU.Build.0 = Release|Any CPU
	EndGlobalSection
	GlobalSection(SolutionProperties) = preSolution
		HideSolutionNode = FALSE
	EndGlobalSection
	GlobalSection(ExtensibilityGlobals) = postSolution
		SolutionGuid = {174929A9-E569-4934-A1E3-39CD9B6C276D}
	EndGlobalSection
EndGlobal
